// !$*UTF8*$!
{
	archiveVersion = 1;
	classes = {
	};
	objectVersion = 46;
	objects = {

/* Begin PBXBuildFile section */
		254F3F4D15BA95F91A48F9AC /* libPods-ScreenshotDemo.a in Frameworks */ = {isa = PBXBuildFile; fileRef = AC75C463C75388BA25413026 /* libPods-ScreenshotDemo.a */; };
		81EE31C01DC9CCFC004D14D4 /* main.m in Sources */ = {isa = PBXBuildFile; fileRef = 81EE31BF1DC9CCFC004D14D4 /* main.m */; };
		81EE31C31DC9CCFC004D14D4 /* AppDelegate.m in Sources */ = {isa = PBXBuildFile; fileRef = 81EE31C21DC9CCFC004D14D4 /* AppDelegate.m */; };
		81EE31C61DC9CCFC004D14D4 /* ViewController.m in Sources */ = {isa = PBXBuildFile; fileRef = 81EE31C51DC9CCFC004D14D4 /* ViewController.m */; };
		81EE31C91DC9CCFC004D14D4 /* Main.storyboard in Resources */ = {isa = PBXBuildFile; fileRef = 81EE31C71DC9CCFC004D14D4 /* Main.storyboard */; };
		81EE31CB1DC9CCFC004D14D4 /* Assets.xcassets in Resources */ = {isa = PBXBuildFile; fileRef = 81EE31CA1DC9CCFC004D14D4 /* Assets.xcassets */; };
		81EE31CE1DC9CCFC004D14D4 /* LaunchScreen.storyboard in Resources */ = {isa = PBXBuildFile; fileRef = 81EE31CC1DC9CCFC004D14D4 /* LaunchScreen.storyboard */; };
		81EE31D71DC9CEC6004D14D4 /* ScreenshotDetailViewController.m in Sources */ = {isa = PBXBuildFile; fileRef = 81EE31D61DC9CEC6004D14D4 /* ScreenshotDetailViewController.m */; };
		81EE31DA1DC9E827004D14D4 /* ResultView.m in Sources */ = {isa = PBXBuildFile; fileRef = 81EE31D91DC9E827004D14D4 /* ResultView.m */; };
		B66EF0D41E039D7F00236C3C /* AppDelegate.swift in Sources */ = {isa = PBXBuildFile; fileRef = B66EF0D31E039D7F00236C3C /* AppDelegate.swift */; };
		B66EF0D61E039D7F00236C3C /* ViewController.swift in Sources */ = {isa = PBXBuildFile; fileRef = B66EF0D51E039D7F00236C3C /* ViewController.swift */; };
		B66EF0D91E039D7F00236C3C /* Main.storyboard in Resources */ = {isa = PBXBuildFile; fileRef = B66EF0D71E039D7F00236C3C /* Main.storyboard */; };
		B66EF0DB1E039D7F00236C3C /* Assets.xcassets in Resources */ = {isa = PBXBuildFile; fileRef = B66EF0DA1E039D7F00236C3C /* Assets.xcassets */; };
		B66EF0DE1E039D7F00236C3C /* LaunchScreen.storyboard in Resources */ = {isa = PBXBuildFile; fileRef = B66EF0DC1E039D7F00236C3C /* LaunchScreen.storyboard */; };
		B66EF0EE1E03A49B00236C3C /* ScreenshotDetailViewController.swift in Sources */ = {isa = PBXBuildFile; fileRef = B66EF0ED1E03A49B00236C3C /* ScreenshotDetailViewController.swift */; };
		B66EF0F01E03A52F00236C3C /* Podfile in Resources */ = {isa = PBXBuildFile; fileRef = B66EF0EF1E03A52F00236C3C /* Podfile */; };
		B66EF0F21E03A58000236C3C /* ResultView.swift in Sources */ = {isa = PBXBuildFile; fileRef = B66EF0F11E03A58000236C3C /* ResultView.swift */; };
		D087C65950E492B759C0AC61 /* libPods-ScreenshotDemo-swift.a in Frameworks */ = {isa = PBXBuildFile; fileRef = 91589671473D852ADE29FB0D /* libPods-ScreenshotDemo-swift.a */; };
		D99D74B21E2E2162000D48AE /* ScreenshotDemoUITests.m in Sources */ = {isa = PBXBuildFile; fileRef = D99D74B11E2E2162000D48AE /* ScreenshotDemoUITests.m */; };
/* End PBXBuildFile section */

/* Begin PBXContainerItemProxy section */
		D99D74B41E2E2162000D48AE /* PBXContainerItemProxy */ = {
			isa = PBXContainerItemProxy;
			containerPortal = 81EE31B31DC9CCFC004D14D4 /* Project object */;
			proxyType = 1;
			remoteGlobalIDString = 81EE31BA1DC9CCFC004D14D4;
			remoteInfo = ScreenshotDemo;
		};
/* End PBXContainerItemProxy section */

/* Begin PBXFileReference section */
		310A4D5A3766EFD13B4D22C8 /* Pods-ScreenshotDemo-swift.release.xcconfig */ = {isa = PBXFileReference; includeInIndex = 1; lastKnownFileType = text.xcconfig; name = "Pods-ScreenshotDemo-swift.release.xcconfig"; path = "Pods/Target Support Files/Pods-ScreenshotDemo-swift/Pods-ScreenshotDemo-swift.release.xcconfig"; sourceTree = "<group>"; };
		56CEB99C7DC92BA3B1193AF1 /* Pods-ScreenshotDemo-swift.debug.xcconfig */ = {isa = PBXFileReference; includeInIndex = 1; lastKnownFileType = text.xcconfig; name = "Pods-ScreenshotDemo-swift.debug.xcconfig"; path = "Pods/Target Support Files/Pods-ScreenshotDemo-swift/Pods-ScreenshotDemo-swift.debug.xcconfig"; sourceTree = "<group>"; };
		81EE31BB1DC9CCFC004D14D4 /* ScreenshotDemo.app */ = {isa = PBXFileReference; explicitFileType = wrapper.application; includeInIndex = 0; path = ScreenshotDemo.app; sourceTree = BUILT_PRODUCTS_DIR; };
		81EE31BF1DC9CCFC004D14D4 /* main.m */ = {isa = PBXFileReference; lastKnownFileType = sourcecode.c.objc; path = main.m; sourceTree = "<group>"; };
		81EE31C11DC9CCFC004D14D4 /* AppDelegate.h */ = {isa = PBXFileReference; lastKnownFileType = sourcecode.c.h; path = AppDelegate.h; sourceTree = "<group>"; };
		81EE31C21DC9CCFC004D14D4 /* AppDelegate.m */ = {isa = PBXFileReference; lastKnownFileType = sourcecode.c.objc; path = AppDelegate.m; sourceTree = "<group>"; };
		81EE31C41DC9CCFC004D14D4 /* ViewController.h */ = {isa = PBXFileReference; lastKnownFileType = sourcecode.c.h; path = ViewController.h; sourceTree = "<group>"; };
		81EE31C51DC9CCFC004D14D4 /* ViewController.m */ = {isa = PBXFileReference; lastKnownFileType = sourcecode.c.objc; path = ViewController.m; sourceTree = "<group>"; };
		81EE31C81DC9CCFC004D14D4 /* Base */ = {isa = PBXFileReference; lastKnownFileType = file.storyboard; name = Base; path = Base.lproj/Main.storyboard; sourceTree = "<group>"; };
		81EE31CA1DC9CCFC004D14D4 /* Assets.xcassets */ = {isa = PBXFileReference; lastKnownFileType = folder.assetcatalog; path = Assets.xcassets; sourceTree = "<group>"; };
		81EE31CD1DC9CCFC004D14D4 /* Base */ = {isa = PBXFileReference; lastKnownFileType = file.storyboard; name = Base; path = Base.lproj/LaunchScreen.storyboard; sourceTree = "<group>"; };
		81EE31CF1DC9CCFC004D14D4 /* Info.plist */ = {isa = PBXFileReference; lastKnownFileType = text.plist.xml; path = Info.plist; sourceTree = "<group>"; };
		81EE31D51DC9CEC6004D14D4 /* ScreenshotDetailViewController.h */ = {isa = PBXFileReference; fileEncoding = 4; lastKnownFileType = sourcecode.c.h; path = ScreenshotDetailViewController.h; sourceTree = "<group>"; };
		81EE31D61DC9CEC6004D14D4 /* ScreenshotDetailViewController.m */ = {isa = PBXFileReference; fileEncoding = 4; lastKnownFileType = sourcecode.c.objc; path = ScreenshotDetailViewController.m; sourceTree = "<group>"; };
		81EE31D81DC9E827004D14D4 /* ResultView.h */ = {isa = PBXFileReference; fileEncoding = 4; lastKnownFileType = sourcecode.c.h; path = ResultView.h; sourceTree = "<group>"; };
		81EE31D91DC9E827004D14D4 /* ResultView.m */ = {isa = PBXFileReference; fileEncoding = 4; lastKnownFileType = sourcecode.c.objc; path = ResultView.m; sourceTree = "<group>"; };
		91589671473D852ADE29FB0D /* libPods-ScreenshotDemo-swift.a */ = {isa = PBXFileReference; explicitFileType = archive.ar; includeInIndex = 0; path = "libPods-ScreenshotDemo-swift.a"; sourceTree = BUILT_PRODUCTS_DIR; };
		91FD93BA4D78E4A4BA802C91 /* Pods-ScreenshotDemo.release.xcconfig */ = {isa = PBXFileReference; includeInIndex = 1; lastKnownFileType = text.xcconfig; name = "Pods-ScreenshotDemo.release.xcconfig"; path = "Pods/Target Support Files/Pods-ScreenshotDemo/Pods-ScreenshotDemo.release.xcconfig"; sourceTree = "<group>"; };
		96970D7790D1AEAF01B407DD /* Pods-ScreenshotDemo.debug.xcconfig */ = {isa = PBXFileReference; includeInIndex = 1; lastKnownFileType = text.xcconfig; name = "Pods-ScreenshotDemo.debug.xcconfig"; path = "Pods/Target Support Files/Pods-ScreenshotDemo/Pods-ScreenshotDemo.debug.xcconfig"; sourceTree = "<group>"; };
		AC75C463C75388BA25413026 /* libPods-ScreenshotDemo.a */ = {isa = PBXFileReference; explicitFileType = archive.ar; includeInIndex = 0; path = "libPods-ScreenshotDemo.a"; sourceTree = BUILT_PRODUCTS_DIR; };
		B66EF0D11E039D7E00236C3C /* ScreenshotDemo-swift.app */ = {isa = PBXFileReference; explicitFileType = wrapper.application; includeInIndex = 0; path = "ScreenshotDemo-swift.app"; sourceTree = BUILT_PRODUCTS_DIR; };
		B66EF0D31E039D7F00236C3C /* AppDelegate.swift */ = {isa = PBXFileReference; lastKnownFileType = sourcecode.swift; path = AppDelegate.swift; sourceTree = "<group>"; };
		B66EF0D51E039D7F00236C3C /* ViewController.swift */ = {isa = PBXFileReference; lastKnownFileType = sourcecode.swift; path = ViewController.swift; sourceTree = "<group>"; };
		B66EF0D81E039D7F00236C3C /* Base */ = {isa = PBXFileReference; lastKnownFileType = file.storyboard; name = Base; path = Base.lproj/Main.storyboard; sourceTree = "<group>"; };
		B66EF0DA1E039D7F00236C3C /* Assets.xcassets */ = {isa = PBXFileReference; lastKnownFileType = folder.assetcatalog; path = Assets.xcassets; sourceTree = "<group>"; };
		B66EF0DD1E039D7F00236C3C /* Base */ = {isa = PBXFileReference; lastKnownFileType = file.storyboard; name = Base; path = Base.lproj/LaunchScreen.storyboard; sourceTree = "<group>"; };
		B66EF0DF1E039D7F00236C3C /* Info.plist */ = {isa = PBXFileReference; lastKnownFileType = text.plist.xml; path = Info.plist; sourceTree = "<group>"; };
		B66EF0E31E039DFA00236C3C /* objcBridge.h */ = {isa = PBXFileReference; fileEncoding = 4; lastKnownFileType = sourcecode.c.h; path = objcBridge.h; sourceTree = "<group>"; };
		B66EF0ED1E03A49B00236C3C /* ScreenshotDetailViewController.swift */ = {isa = PBXFileReference; fileEncoding = 4; lastKnownFileType = sourcecode.swift; path = ScreenshotDetailViewController.swift; sourceTree = "<group>"; };
		B66EF0EF1E03A52F00236C3C /* Podfile */ = {isa = PBXFileReference; fileEncoding = 4; lastKnownFileType = text; path = Podfile; sourceTree = "<group>"; };
		B66EF0F11E03A58000236C3C /* ResultView.swift */ = {isa = PBXFileReference; fileEncoding = 4; lastKnownFileType = sourcecode.swift; path = ResultView.swift; sourceTree = "<group>"; };
		D99D74AF1E2E2162000D48AE /* ScreenshotDemoUITests.xctest */ = {isa = PBXFileReference; explicitFileType = wrapper.cfbundle; includeInIndex = 0; path = ScreenshotDemoUITests.xctest; sourceTree = BUILT_PRODUCTS_DIR; };
		D99D74B11E2E2162000D48AE /* ScreenshotDemoUITests.m */ = {isa = PBXFileReference; lastKnownFileType = sourcecode.c.objc; path = ScreenshotDemoUITests.m; sourceTree = "<group>"; };
		D99D74B31E2E2162000D48AE /* Info.plist */ = {isa = PBXFileReference; lastKnownFileType = text.plist.xml; path = Info.plist; sourceTree = "<group>"; };
/* End PBXFileReference section */

/* Begin PBXFrameworksBuildPhase section */
		81EE31B81DC9CCFC004D14D4 /* Frameworks */ = {
			isa = PBXFrameworksBuildPhase;
			buildActionMask = 2147483647;
			files = (
				254F3F4D15BA95F91A48F9AC /* libPods-ScreenshotDemo.a in Frameworks */,
			);
			runOnlyForDeploymentPostprocessing = 0;
		};
		B66EF0CE1E039D7E00236C3C /* Frameworks */ = {
			isa = PBXFrameworksBuildPhase;
			buildActionMask = 2147483647;
			files = (
				D087C65950E492B759C0AC61 /* libPods-ScreenshotDemo-swift.a in Frameworks */,
			);
			runOnlyForDeploymentPostprocessing = 0;
		};
		D99D74AC1E2E2162000D48AE /* Frameworks */ = {
			isa = PBXFrameworksBuildPhase;
			buildActionMask = 2147483647;
			files = (
			);
			runOnlyForDeploymentPostprocessing = 0;
		};
/* End PBXFrameworksBuildPhase section */

/* Begin PBXGroup section */
		80453241ACCC9FDA32C4498B /* Pods */ = {
			isa = PBXGroup;
			children = (
				96970D7790D1AEAF01B407DD /* Pods-ScreenshotDemo.debug.xcconfig */,
				91FD93BA4D78E4A4BA802C91 /* Pods-ScreenshotDemo.release.xcconfig */,
				56CEB99C7DC92BA3B1193AF1 /* Pods-ScreenshotDemo-swift.debug.xcconfig */,
				310A4D5A3766EFD13B4D22C8 /* Pods-ScreenshotDemo-swift.release.xcconfig */,
			);
			name = Pods;
			sourceTree = "<group>";
		};
		81EE31B21DC9CCFC004D14D4 = {
			isa = PBXGroup;
			children = (
				B66EF0EF1E03A52F00236C3C /* Podfile */,
				81EE31BD1DC9CCFC004D14D4 /* ScreenshotDemo */,
				B66EF0D21E039D7F00236C3C /* ScreenshotDemo-swift */,
				D99D74B01E2E2162000D48AE /* ScreenshotDemoUITests */,
				81EE31BC1DC9CCFC004D14D4 /* Products */,
				80453241ACCC9FDA32C4498B /* Pods */,
				DEE44BCBA08373CA2CC3502D /* Frameworks */,
			);
			sourceTree = "<group>";
		};
		81EE31BC1DC9CCFC004D14D4 /* Products */ = {
			isa = PBXGroup;
			children = (
				81EE31BB1DC9CCFC004D14D4 /* ScreenshotDemo.app */,
				B66EF0D11E039D7E00236C3C /* ScreenshotDemo-swift.app */,
				D99D74AF1E2E2162000D48AE /* ScreenshotDemoUITests.xctest */,
			);
			name = Products;
			sourceTree = "<group>";
		};
		81EE31BD1DC9CCFC004D14D4 /* ScreenshotDemo */ = {
			isa = PBXGroup;
			children = (
				81EE31D51DC9CEC6004D14D4 /* ScreenshotDetailViewController.h */,
				81EE31D61DC9CEC6004D14D4 /* ScreenshotDetailViewController.m */,
				81EE31C11DC9CCFC004D14D4 /* AppDelegate.h */,
				81EE31C21DC9CCFC004D14D4 /* AppDelegate.m */,
				81EE31C41DC9CCFC004D14D4 /* ViewController.h */,
				81EE31C51DC9CCFC004D14D4 /* ViewController.m */,
				81EE31D81DC9E827004D14D4 /* ResultView.h */,
				81EE31D91DC9E827004D14D4 /* ResultView.m */,
				81EE31C71DC9CCFC004D14D4 /* Main.storyboard */,
				81EE31CA1DC9CCFC004D14D4 /* Assets.xcassets */,
				81EE31CC1DC9CCFC004D14D4 /* LaunchScreen.storyboard */,
				81EE31CF1DC9CCFC004D14D4 /* Info.plist */,
				81EE31BE1DC9CCFC004D14D4 /* Supporting Files */,
			);
			path = ScreenshotDemo;
			sourceTree = "<group>";
		};
		81EE31BE1DC9CCFC004D14D4 /* Supporting Files */ = {
			isa = PBXGroup;
			children = (
				81EE31BF1DC9CCFC004D14D4 /* main.m */,
			);
			name = "Supporting Files";
			sourceTree = "<group>";
		};
		B66EF0D21E039D7F00236C3C /* ScreenshotDemo-swift */ = {
			isa = PBXGroup;
			children = (
				B66EF0D31E039D7F00236C3C /* AppDelegate.swift */,
				B66EF0F11E03A58000236C3C /* ResultView.swift */,
				B66EF0ED1E03A49B00236C3C /* ScreenshotDetailViewController.swift */,
				B66EF0D51E039D7F00236C3C /* ViewController.swift */,
				B66EF0D71E039D7F00236C3C /* Main.storyboard */,
				B66EF0DA1E039D7F00236C3C /* Assets.xcassets */,
				B66EF0DC1E039D7F00236C3C /* LaunchScreen.storyboard */,
				B66EF0DF1E039D7F00236C3C /* Info.plist */,
				B66EF0E31E039DFA00236C3C /* objcBridge.h */,
			);
			path = "ScreenshotDemo-swift";
			sourceTree = "<group>";
		};
		D99D74B01E2E2162000D48AE /* ScreenshotDemoUITests */ = {
			isa = PBXGroup;
			children = (
				D99D74B11E2E2162000D48AE /* ScreenshotDemoUITests.m */,
				D99D74B31E2E2162000D48AE /* Info.plist */,
			);
			path = ScreenshotDemoUITests;
			sourceTree = "<group>";
		};
		DEE44BCBA08373CA2CC3502D /* Frameworks */ = {
			isa = PBXGroup;
			children = (
				AC75C463C75388BA25413026 /* libPods-ScreenshotDemo.a */,
				91589671473D852ADE29FB0D /* libPods-ScreenshotDemo-swift.a */,
			);
			name = Frameworks;
			sourceTree = "<group>";
		};
/* End PBXGroup section */

/* Begin PBXNativeTarget section */
		81EE31BA1DC9CCFC004D14D4 /* ScreenshotDemo */ = {
			isa = PBXNativeTarget;
			buildConfigurationList = 81EE31D21DC9CCFC004D14D4 /* Build configuration list for PBXNativeTarget "ScreenshotDemo" */;
			buildPhases = (
				AE7A77FDA775B5725A7E6A0E /* [CP] Check Pods Manifest.lock */,
				81EE31B71DC9CCFC004D14D4 /* Sources */,
				81EE31B81DC9CCFC004D14D4 /* Frameworks */,
				81EE31B91DC9CCFC004D14D4 /* Resources */,
				3EE6C07F87CCD824F3750FD8 /* [CP] Copy Pods Resources */,
			);
			buildRules = (
			);
			dependencies = (
			);
			name = ScreenshotDemo;
			productName = ScreenshotDemo;
			productReference = 81EE31BB1DC9CCFC004D14D4 /* ScreenshotDemo.app */;
			productType = "com.apple.product-type.application";
		};
		B66EF0D01E039D7E00236C3C /* ScreenshotDemo-swift */ = {
			isa = PBXNativeTarget;
			buildConfigurationList = B66EF0E21E039D7F00236C3C /* Build configuration list for PBXNativeTarget "ScreenshotDemo-swift" */;
			buildPhases = (
				8EB2E5221E0F2365A25499BF /* [CP] Check Pods Manifest.lock */,
				B66EF0CD1E039D7E00236C3C /* Sources */,
				B66EF0CE1E039D7E00236C3C /* Frameworks */,
				B66EF0CF1E039D7E00236C3C /* Resources */,
				44E04536DBEF0A69E31C798E /* [CP] Copy Pods Resources */,
			);
			buildRules = (
			);
			dependencies = (
			);
			name = "ScreenshotDemo-swift";
			productName = "ScreenshotDemo-swift";
			productReference = B66EF0D11E039D7E00236C3C /* ScreenshotDemo-swift.app */;
			productType = "com.apple.product-type.application";
		};
		D99D74AE1E2E2162000D48AE /* ScreenshotDemoUITests */ = {
			isa = PBXNativeTarget;
			buildConfigurationList = D99D74B81E2E2162000D48AE /* Build configuration list for PBXNativeTarget "ScreenshotDemoUITests" */;
			buildPhases = (
				D99D74AB1E2E2162000D48AE /* Sources */,
				D99D74AC1E2E2162000D48AE /* Frameworks */,
				D99D74AD1E2E2162000D48AE /* Resources */,
			);
			buildRules = (
			);
			dependencies = (
				D99D74B51E2E2162000D48AE /* PBXTargetDependency */,
			);
			name = ScreenshotDemoUITests;
			productName = ScreenshotDemoUITests;
			productReference = D99D74AF1E2E2162000D48AE /* ScreenshotDemoUITests.xctest */;
			productType = "com.apple.product-type.bundle.ui-testing";
		};
/* End PBXNativeTarget section */

/* Begin PBXProject section */
		81EE31B31DC9CCFC004D14D4 /* Project object */ = {
			isa = PBXProject;
			attributes = {
				LastSwiftUpdateCheck = 0810;
				LastUpgradeCheck = 0810;
				ORGANIZATIONNAME = AutoNavi;
				TargetAttributes = {
					81EE31BA1DC9CCFC004D14D4 = {
						CreatedOnToolsVersion = 8.1;
						DevelopmentTeam = YMJ372W38W;
						ProvisioningStyle = Manual;
					};
					B66EF0D01E039D7E00236C3C = {
						CreatedOnToolsVersion = 8.1;
						DevelopmentTeam = YMJ372W38W;
						ProvisioningStyle = Manual;
					};
					D99D74AE1E2E2162000D48AE = {
						CreatedOnToolsVersion = 8.2;
						DevelopmentTeam = YMJ372W38W;
						ProvisioningStyle = Manual;
						TestTargetID = 81EE31BA1DC9CCFC004D14D4;
					};
				};
			};
			buildConfigurationList = 81EE31B61DC9CCFC004D14D4 /* Build configuration list for PBXProject "ScreenshotDemo" */;
			compatibilityVersion = "Xcode 3.2";
			developmentRegion = English;
			hasScannedForEncodings = 0;
			knownRegions = (
				English,
				en,
				Base,
			);
			mainGroup = 81EE31B21DC9CCFC004D14D4;
			productRefGroup = 81EE31BC1DC9CCFC004D14D4 /* Products */;
			projectDirPath = "";
			projectRoot = "";
			targets = (
				81EE31BA1DC9CCFC004D14D4 /* ScreenshotDemo */,
				B66EF0D01E039D7E00236C3C /* ScreenshotDemo-swift */,
				D99D74AE1E2E2162000D48AE /* ScreenshotDemoUITests */,
			);
		};
/* End PBXProject section */

/* Begin PBXResourcesBuildPhase section */
		81EE31B91DC9CCFC004D14D4 /* Resources */ = {
			isa = PBXResourcesBuildPhase;
			buildActionMask = 2147483647;
			files = (
				81EE31CE1DC9CCFC004D14D4 /* LaunchScreen.storyboard in Resources */,
				81EE31CB1DC9CCFC004D14D4 /* Assets.xcassets in Resources */,
				81EE31C91DC9CCFC004D14D4 /* Main.storyboard in Resources */,
			);
			runOnlyForDeploymentPostprocessing = 0;
		};
		B66EF0CF1E039D7E00236C3C /* Resources */ = {
			isa = PBXResourcesBuildPhase;
			buildActionMask = 2147483647;
			files = (
				B66EF0DE1E039D7F00236C3C /* LaunchScreen.storyboard in Resources */,
				B66EF0DB1E039D7F00236C3C /* Assets.xcassets in Resources */,
				B66EF0F01E03A52F00236C3C /* Podfile in Resources */,
				B66EF0D91E039D7F00236C3C /* Main.storyboard in Resources */,
			);
			runOnlyForDeploymentPostprocessing = 0;
		};
		D99D74AD1E2E2162000D48AE /* Resources */ = {
			isa = PBXResourcesBuildPhase;
			buildActionMask = 2147483647;
			files = (
			);
			runOnlyForDeploymentPostprocessing = 0;
		};
/* End PBXResourcesBuildPhase section */

/* Begin PBXShellScriptBuildPhase section */
		3EE6C07F87CCD824F3750FD8 /* [CP] Copy Pods Resources */ = {
			isa = PBXShellScriptBuildPhase;
			buildActionMask = 2147483647;
			files = (
			);
			inputPaths = (
				"${PODS_ROOT}/Target Support Files/Pods-ScreenshotDemo/Pods-ScreenshotDemo-resources.sh",
				"${PODS_ROOT}/AMap3DMap/MAMapKit.framework/AMap.bundle",
			);
			name = "[CP] Copy Pods Resources";
			outputPaths = (
				"${TARGET_BUILD_DIR}/${UNLOCALIZED_RESOURCES_FOLDER_PATH}/AMap.bundle",
			);
			runOnlyForDeploymentPostprocessing = 0;
			shellPath = /bin/sh;
			shellScript = "\"${PODS_ROOT}/Target Support Files/Pods-ScreenshotDemo/Pods-ScreenshotDemo-resources.sh\"\n";
			showEnvVarsInLog = 0;
		};
		44E04536DBEF0A69E31C798E /* [CP] Copy Pods Resources */ = {
			isa = PBXShellScriptBuildPhase;
			buildActionMask = 2147483647;
			files = (
			);
			inputPaths = (
				"${PODS_ROOT}/Target Support Files/Pods-ScreenshotDemo-swift/Pods-ScreenshotDemo-swift-resources.sh",
				"${PODS_ROOT}/AMap3DMap/MAMapKit.framework/AMap.bundle",
			);
			name = "[CP] Copy Pods Resources";
			outputPaths = (
				"${TARGET_BUILD_DIR}/${UNLOCALIZED_RESOURCES_FOLDER_PATH}/AMap.bundle",
			);
			runOnlyForDeploymentPostprocessing = 0;
			shellPath = /bin/sh;
			shellScript = "\"${PODS_ROOT}/Target Support Files/Pods-ScreenshotDemo-swift/Pods-ScreenshotDemo-swift-resources.sh\"\n";
			showEnvVarsInLog = 0;
		};
		8EB2E5221E0F2365A25499BF /* [CP] Check Pods Manifest.lock */ = {
			isa = PBXShellScriptBuildPhase;
			buildActionMask = 2147483647;
			files = (
			);
			inputPaths = (
				"${PODS_PODFILE_DIR_PATH}/Podfile.lock",
				"${PODS_ROOT}/Manifest.lock",
			);
			name = "[CP] Check Pods Manifest.lock";
			outputPaths = (
				"$(DERIVED_FILE_DIR)/Pods-ScreenshotDemo-swift-checkManifestLockResult.txt",
			);
			runOnlyForDeploymentPostprocessing = 0;
			shellPath = /bin/sh;
			shellScript = "diff \"${PODS_PODFILE_DIR_PATH}/Podfile.lock\" \"${PODS_ROOT}/Manifest.lock\" > /dev/null\nif [ $? != 0 ] ; then\n    # print error to STDERR\n    echo \"error: The sandbox is not in sync with the Podfile.lock. Run 'pod install' or update your CocoaPods installation.\" >&2\n    exit 1\nfi\n# This output is used by Xcode 'outputs' to avoid re-running this script phase.\necho \"SUCCESS\" > \"${SCRIPT_OUTPUT_FILE_0}\"\n";
			showEnvVarsInLog = 0;
		};
		AE7A77FDA775B5725A7E6A0E /* [CP] Check Pods Manifest.lock */ = {
			isa = PBXShellScriptBuildPhase;
			buildActionMask = 2147483647;
			files = (
			);
			inputPaths = (
				"${PODS_PODFILE_DIR_PATH}/Podfile.lock",
				"${PODS_ROOT}/Manifest.lock",
			);
			name = "[CP] Check Pods Manifest.lock";
			outputPaths = (
				"$(DERIVED_FILE_DIR)/Pods-ScreenshotDemo-checkManifestLockResult.txt",
			);
			runOnlyForDeploymentPostprocessing = 0;
			shellPath = /bin/sh;
			shellScript = "diff \"${PODS_PODFILE_DIR_PATH}/Podfile.lock\" \"${PODS_ROOT}/Manifest.lock\" > /dev/null\nif [ $? != 0 ] ; then\n    # print error to STDERR\n    echo \"error: The sandbox is not in sync with the Podfile.lock. Run 'pod install' or update your CocoaPods installation.\" >&2\n    exit 1\nfi\n# This output is used by Xcode 'outputs' to avoid re-running this script phase.\necho \"SUCCESS\" > \"${SCRIPT_OUTPUT_FILE_0}\"\n";
			showEnvVarsInLog = 0;
		};
/* End PBXShellScriptBuildPhase section */

/* Begin PBXSourcesBuildPhase section */
		81EE31B71DC9CCFC004D14D4 /* Sources */ = {
			isa = PBXSourcesBuildPhase;
			buildActionMask = 2147483647;
			files = (
				81EE31C61DC9CCFC004D14D4 /* ViewController.m in Sources */,
				81EE31C31DC9CCFC004D14D4 /* AppDelegate.m in Sources */,
				81EE31DA1DC9E827004D14D4 /* ResultView.m in Sources */,
				81EE31D71DC9CEC6004D14D4 /* ScreenshotDetailViewController.m in Sources */,
				81EE31C01DC9CCFC004D14D4 /* main.m in Sources */,
			);
			runOnlyForDeploymentPostprocessing = 0;
		};
		B66EF0CD1E039D7E00236C3C /* Sources */ = {
			isa = PBXSourcesBuildPhase;
			buildActionMask = 2147483647;
			files = (
				B66EF0EE1E03A49B00236C3C /* ScreenshotDetailViewController.swift in Sources */,
				B66EF0F21E03A58000236C3C /* ResultView.swift in Sources */,
				B66EF0D61E039D7F00236C3C /* ViewController.swift in Sources */,
				B66EF0D41E039D7F00236C3C /* AppDelegate.swift in Sources */,
			);
			runOnlyForDeploymentPostprocessing = 0;
		};
		D99D74AB1E2E2162000D48AE /* Sources */ = {
			isa = PBXSourcesBuildPhase;
			buildActionMask = 2147483647;
			files = (
				D99D74B21E2E2162000D48AE /* ScreenshotDemoUITests.m in Sources */,
			);
			runOnlyForDeploymentPostprocessing = 0;
		};
/* End PBXSourcesBuildPhase section */

/* Begin PBXTargetDependency section */
		D99D74B51E2E2162000D48AE /* PBXTargetDependency */ = {
			isa = PBXTargetDependency;
			target = 81EE31BA1DC9CCFC004D14D4 /* ScreenshotDemo */;
			targetProxy = D99D74B41E2E2162000D48AE /* PBXContainerItemProxy */;
		};
/* End PBXTargetDependency section */

/* Begin PBXVariantGroup section */
		81EE31C71DC9CCFC004D14D4 /* Main.storyboard */ = {
			isa = PBXVariantGroup;
			children = (
				81EE31C81DC9CCFC004D14D4 /* Base */,
			);
			name = Main.storyboard;
			sourceTree = "<group>";
		};
		81EE31CC1DC9CCFC004D14D4 /* LaunchScreen.storyboard */ = {
			isa = PBXVariantGroup;
			children = (
				81EE31CD1DC9CCFC004D14D4 /* Base */,
			);
			name = LaunchScreen.storyboard;
			sourceTree = "<group>";
		};
		B66EF0D71E039D7F00236C3C /* Main.storyboard */ = {
			isa = PBXVariantGroup;
			children = (
				B66EF0D81E039D7F00236C3C /* Base */,
			);
			name = Main.storyboard;
			sourceTree = "<group>";
		};
		B66EF0DC1E039D7F00236C3C /* LaunchScreen.storyboard */ = {
			isa = PBXVariantGroup;
			children = (
				B66EF0DD1E039D7F00236C3C /* Base */,
			);
			name = LaunchScreen.storyboard;
			sourceTree = "<group>";
		};
/* End PBXVariantGroup section */

/* Begin XCBuildConfiguration section */
		81EE31D01DC9CCFC004D14D4 /* Debug */ = {
			isa = XCBuildConfiguration;
			buildSettings = {
				ALWAYS_SEARCH_USER_PATHS = NO;
				CLANG_ANALYZER_NONNULL = YES;
				CLANG_CXX_LANGUAGE_STANDARD = "gnu++0x";
				CLANG_CXX_LIBRARY = "libc++";
				CLANG_ENABLE_MODULES = YES;
				CLANG_ENABLE_OBJC_ARC = YES;
				CLANG_WARN_BOOL_CONVERSION = YES;
				CLANG_WARN_CONSTANT_CONVERSION = YES;
				CLANG_WARN_DIRECT_OBJC_ISA_USAGE = YES_ERROR;
				CLANG_WARN_DOCUMENTATION_COMMENTS = YES;
				CLANG_WARN_EMPTY_BODY = YES;
				CLANG_WARN_ENUM_CONVERSION = YES;
				CLANG_WARN_INFINITE_RECURSION = YES;
				CLANG_WARN_INT_CONVERSION = YES;
				CLANG_WARN_OBJC_ROOT_CLASS = YES_ERROR;
				CLANG_WARN_SUSPICIOUS_MOVES = YES;
				CLANG_WARN_UNREACHABLE_CODE = YES;
				CLANG_WARN__DUPLICATE_METHOD_MATCH = YES;
				"CODE_SIGN_IDENTITY[sdk=iphoneos*]" = "iPhone Developer";
				COPY_PHASE_STRIP = NO;
				DEBUG_INFORMATION_FORMAT = dwarf;
				ENABLE_STRICT_OBJC_MSGSEND = YES;
				ENABLE_TESTABILITY = YES;
				GCC_C_LANGUAGE_STANDARD = gnu99;
				GCC_DYNAMIC_NO_PIC = NO;
				GCC_NO_COMMON_BLOCKS = YES;
				GCC_OPTIMIZATION_LEVEL = 0;
				GCC_PREPROCESSOR_DEFINITIONS = (
					"DEBUG=1",
					"$(inherited)",
				);
				GCC_WARN_64_TO_32_BIT_CONVERSION = YES;
				GCC_WARN_ABOUT_RETURN_TYPE = YES_ERROR;
				GCC_WARN_UNDECLARED_SELECTOR = YES;
				GCC_WARN_UNINITIALIZED_AUTOS = YES_AGGRESSIVE;
				GCC_WARN_UNUSED_FUNCTION = YES;
				GCC_WARN_UNUSED_VARIABLE = YES;
				IPHONEOS_DEPLOYMENT_TARGET = 10.1;
				MTL_ENABLE_DEBUG_INFO = YES;
				ONLY_ACTIVE_ARCH = YES;
				SDKROOT = iphoneos;
			};
			name = Debug;
		};
		81EE31D11DC9CCFC004D14D4 /* Release */ = {
			isa = XCBuildConfiguration;
			buildSettings = {
				ALWAYS_SEARCH_USER_PATHS = NO;
				CLANG_ANALYZER_NONNULL = YES;
				CLANG_CXX_LANGUAGE_STANDARD = "gnu++0x";
				CLANG_CXX_LIBRARY = "libc++";
				CLANG_ENABLE_MODULES = YES;
				CLANG_ENABLE_OBJC_ARC = YES;
				CLANG_WARN_BOOL_CONVERSION = YES;
				CLANG_WARN_CONSTANT_CONVERSION = YES;
				CLANG_WARN_DIRECT_OBJC_ISA_USAGE = YES_ERROR;
				CLANG_WARN_DOCUMENTATION_COMMENTS = YES;
				CLANG_WARN_EMPTY_BODY = YES;
				CLANG_WARN_ENUM_CONVERSION = YES;
				CLANG_WARN_INFINITE_RECURSION = YES;
				CLANG_WARN_INT_CONVERSION = YES;
				CLANG_WARN_OBJC_ROOT_CLASS = YES_ERROR;
				CLANG_WARN_SUSPICIOUS_MOVES = YES;
				CLANG_WARN_UNREACHABLE_CODE = YES;
				CLANG_WARN__DUPLICATE_METHOD_MATCH = YES;
				"CODE_SIGN_IDENTITY[sdk=iphoneos*]" = "iPhone Developer";
				COPY_PHASE_STRIP = NO;
				DEBUG_INFORMATION_FORMAT = "dwarf-with-dsym";
				ENABLE_NS_ASSERTIONS = NO;
				ENABLE_STRICT_OBJC_MSGSEND = YES;
				GCC_C_LANGUAGE_STANDARD = gnu99;
				GCC_NO_COMMON_BLOCKS = YES;
				GCC_WARN_64_TO_32_BIT_CONVERSION = YES;
				GCC_WARN_ABOUT_RETURN_TYPE = YES_ERROR;
				GCC_WARN_UNDECLARED_SELECTOR = YES;
				GCC_WARN_UNINITIALIZED_AUTOS = YES_AGGRESSIVE;
				GCC_WARN_UNUSED_FUNCTION = YES;
				GCC_WARN_UNUSED_VARIABLE = YES;
				IPHONEOS_DEPLOYMENT_TARGET = 10.1;
				MTL_ENABLE_DEBUG_INFO = NO;
				SDKROOT = iphoneos;
				VALIDATE_PRODUCT = YES;
			};
			name = Release;
		};
		81EE31D31DC9CCFC004D14D4 /* Debug */ = {
			isa = XCBuildConfiguration;
			baseConfigurationReference = 96970D7790D1AEAF01B407DD /* Pods-ScreenshotDemo.debug.xcconfig */;
			buildSettings = {
				ASSETCATALOG_COMPILER_APPICON_NAME = AppIcon;
				DEVELOPMENT_TEAM = YMJ372W38W;
				INFOPLIST_FILE = ScreenshotDemo/Info.plist;
				IPHONEOS_DEPLOYMENT_TARGET = 8.0;
				LD_RUNPATH_SEARCH_PATHS = "$(inherited) @executable_path/Frameworks";
				PRODUCT_BUNDLE_IDENTIFIER = com.autonavi.ScreenshotDemo;
				PRODUCT_NAME = "$(TARGET_NAME)";
				PROVISIONING_PROFILE = "d723e77c-6c92-4e6a-98d7-8717d0b88b87";
				PROVISIONING_PROFILE_SPECIFIER = openPlatform_development;
			};
			name = Debug;
		};
		81EE31D41DC9CCFC004D14D4 /* Release */ = {
			isa = XCBuildConfiguration;
			baseConfigurationReference = 91FD93BA4D78E4A4BA802C91 /* Pods-ScreenshotDemo.release.xcconfig */;
			buildSettings = {
				ASSETCATALOG_COMPILER_APPICON_NAME = AppIcon;
				"CODE_SIGN_IDENTITY[sdk=iphoneos*]" = "iPhone Distribution";
				DEVELOPMENT_TEAM = YMJ372W38W;
				INFOPLIST_FILE = ScreenshotDemo/Info.plist;
				IPHONEOS_DEPLOYMENT_TARGET = 8.0;
				LD_RUNPATH_SEARCH_PATHS = "$(inherited) @executable_path/Frameworks";
				PRODUCT_BUNDLE_IDENTIFIER = com.autonavi.ScreenshotDemo;
				PRODUCT_NAME = "$(TARGET_NAME)";
				PROVISIONING_PROFILE = "a892512d-fe94-4702-b716-0b66880b936d";
				PROVISIONING_PROFILE_SPECIFIER = openPlatformInhouse;
			};
			name = Release;
		};
		B66EF0E01E039D7F00236C3C /* Debug */ = {
			isa = XCBuildConfiguration;
			baseConfigurationReference = 56CEB99C7DC92BA3B1193AF1 /* Pods-ScreenshotDemo-swift.debug.xcconfig */;
			buildSettings = {
				ASSETCATALOG_COMPILER_APPICON_NAME = AppIcon;
				DEVELOPMENT_TEAM = YMJ372W38W;
				INFOPLIST_FILE = "ScreenshotDemo-swift/Info.plist";
				IPHONEOS_DEPLOYMENT_TARGET = 8.0;
				LD_RUNPATH_SEARCH_PATHS = "$(inherited) @executable_path/Frameworks";
				PRODUCT_BUNDLE_IDENTIFIER = "com.autonavi.ScreenshotDemo-swift";
				PRODUCT_NAME = "$(TARGET_NAME)";
				PROVISIONING_PROFILE = "48216a7c-4edd-4f5d-9389-95ffbd3ea775";
				PROVISIONING_PROFILE_SPECIFIER = openPlatform_development;
				SWIFT_ACTIVE_COMPILATION_CONDITIONS = DEBUG;
				SWIFT_OBJC_BRIDGING_HEADER = "$PROJECT_DIR/ScreenshotDemo-swift/objcBridge.h";
				SWIFT_OPTIMIZATION_LEVEL = "-Onone";
				SWIFT_VERSION = 4.0;
				TARGETED_DEVICE_FAMILY = "1,2";
			};
			name = Debug;
		};
		B66EF0E11E039D7F00236C3C /* Release */ = {
			isa = XCBuildConfiguration;
			baseConfigurationReference = 310A4D5A3766EFD13B4D22C8 /* Pods-ScreenshotDemo-swift.release.xcconfig */;
			buildSettings = {
				ASSETCATALOG_COMPILER_APPICON_NAME = AppIcon;
				"CODE_SIGN_IDENTITY[sdk=iphoneos*]" = "iPhone Distribution";
				DEVELOPMENT_TEAM = YMJ372W38W;
				INFOPLIST_FILE = "ScreenshotDemo-swift/Info.plist";
				IPHONEOS_DEPLOYMENT_TARGET = 8.0;
				LD_RUNPATH_SEARCH_PATHS = "$(inherited) @executable_path/Frameworks";
				PRODUCT_BUNDLE_IDENTIFIER = "com.autonavi.ScreenshotDemo-swift";
				PRODUCT_NAME = "$(TARGET_NAME)";
				PROVISIONING_PROFILE = "37bcbefd-c99d-44d5-a048-5ff502582130";
				PROVISIONING_PROFILE_SPECIFIER = openPlatformInhouse;
				SWIFT_OBJC_BRIDGING_HEADER = "$PROJECT_DIR/ScreenshotDemo-swift/objcBridge.h";
				SWIFT_OPTIMIZATION_LEVEL = "-Owholemodule";
				SWIFT_VERSION = 4.0;
				TARGETED_DEVICE_FAMILY = "1,2";
			};
			name = Release;
		};
		D99D74B61E2E2162000D48AE /* Debug */ = {
			isa = XCBuildConfiguration;
			buildSettings = {
				CLANG_WARN_SUSPICIOUS_MOVE = YES;
				DEVELOPMENT_TEAM = YMJ372W38W;
				INFOPLIST_FILE = ScreenshotDemoUITests/Info.plist;
				IPHONEOS_DEPLOYMENT_TARGET = 10.2;
				LD_RUNPATH_SEARCH_PATHS = "$(inherited) @executable_path/Frameworks @loader_path/Frameworks";
				PRODUCT_BUNDLE_IDENTIFIER = com.autonavi.ScreenshotDemoUITests;
				PRODUCT_NAME = "$(TARGET_NAME)";
				PROVISIONING_PROFILE = "8014ae4e-33b6-4937-87e3-3725a2aad4f7";
				PROVISIONING_PROFILE_SPECIFIER = openPlatform_development;
				TEST_TARGET_NAME = ScreenshotDemo;
			};
			name = Debug;
		};
		D99D74B71E2E2162000D48AE /* Release */ = {
			isa = XCBuildConfiguration;
			buildSettings = {
				CLANG_WARN_SUSPICIOUS_MOVE = YES;
				DEVELOPMENT_TEAM = YMJ372W38W;
				INFOPLIST_FILE = ScreenshotDemoUITests/Info.plist;
				IPHONEOS_DEPLOYMENT_TARGET = 10.2;
				LD_RUNPATH_SEARCH_PATHS = "$(inherited) @executable_path/Frameworks @loader_path/Frameworks";
				PRODUCT_BUNDLE_IDENTIFIER = com.autonavi.ScreenshotDemoUITests;
				PRODUCT_NAME = "$(TARGET_NAME)";
				PROVISIONING_PROFILE = "8014ae4e-33b6-4937-87e3-3725a2aad4f7";
				PROVISIONING_PROFILE_SPECIFIER = openPlatform_development;
				TEST_TARGET_NAME = ScreenshotDemo;
			};
			name = Release;
		};
/* End XCBuildConfiguration section */

/* Begin XCConfigurationList section */
		81EE31B61DC9CCFC004D14D4 /* Build configuration list for PBXProject "ScreenshotDemo" */ = {
			isa = XCConfigurationList;
			buildConfigurations = (
				81EE31D01DC9CCFC004D14D4 /* Debug */,
				81EE31D11DC9CCFC004D14D4 /* Release */,
			);
			defaultConfigurationIsVisible = 0;
			defaultConfigurationName = Release;
		};
		81EE31D21DC9CCFC004D14D4 /* Build configuration list for PBXNativeTarget "ScreenshotDemo" */ = {
			isa = XCConfigurationList;
			buildConfigurations = (
				81EE31D31DC9CCFC004D14D4 /* Debug */,
				81EE31D41DC9CCFC004D14D4 /* Release */,
			);
			defaultConfigurationIsVisible = 0;
			defaultConfigurationName = Release;
		};
		B66EF0E21E039D7F00236C3C /* Build configuration list for PBXNativeTarget "ScreenshotDemo-swift" */ = {
			isa = XCConfigurationList;
			buildConfigurations = (
				B66EF0E01E039D7F00236C3C /* Debug */,
				B66EF0E11E039D7F00236C3C /* Release */,
			);
			defaultConfigurationIsVisible = 0;
			defaultConfigurationName = Release;
		};
		D99D74B81E2E2162000D48AE /* Build configuration list for PBXNativeTarget "ScreenshotDemoUITests" */ = {
			isa = XCConfigurationList;
			buildConfigurations = (
				D99D74B61E2E2162000D48AE /* Debug */,
				D99D74B71E2E2162000D48AE /* Release */,
			);
			defaultConfigurationIsVisible = 0;
			defaultConfigurationName = Release;
		};
/* End XCConfigurationList section */
	};
	rootObject = 81EE31B31DC9CCFC004D14D4 /* Project object */;
}
